// !$*UTF8*$!
{
	archiveVersion = 1;
	classes = {
	};
	objectVersion = 56;
	objects = {

/* Begin PBXBuildFile section */
		3D0AB79CAB571611CD173C0D /* Pods_RequestTest2.framework in Frameworks */ = {isa = PBXBuildFile; fileRef = 3542DF1AF9F57AAD734CBCDC /* Pods_RequestTest2.framework */; };
		75C355F529C4DFBA002EF4EC /* AppDelegate.swift in Sources */ = {isa = PBXBuildFile; fileRef = 75C355F429C4DFBA002EF4EC /* AppDelegate.swift */; };
		75C355F729C4DFBA002EF4EC /* SceneDelegate.swift in Sources */ = {isa = PBXBuildFile; fileRef = 75C355F629C4DFBA002EF4EC /* SceneDelegate.swift */; };
		75C355F929C4DFBA002EF4EC /* ViewController.swift in Sources */ = {isa = PBXBuildFile; fileRef = 75C355F829C4DFBA002EF4EC /* ViewController.swift */; };
		75C355FC29C4DFBA002EF4EC /* Main.storyboard in Resources */ = {isa = PBXBuildFile; fileRef = 75C355FA29C4DFBA002EF4EC /* Main.storyboard */; };
		75C355FE29C4DFBB002EF4EC /* Assets.xcassets in Resources */ = {isa = PBXBuildFile; fileRef = 75C355FD29C4DFBB002EF4EC /* Assets.xcassets */; };
		75C3560129C4DFBB002EF4EC /* LaunchScreen.storyboard in Resources */ = {isa = PBXBuildFile; fileRef = 75C355FF29C4DFBB002EF4EC /* LaunchScreen.storyboard */; };
		75C3560C29C4DFBB002EF4EC /* RequestTest2Tests.swift in Sources */ = {isa = PBXBuildFile; fileRef = 75C3560B29C4DFBB002EF4EC /* RequestTest2Tests.swift */; };
		75C3561629C4DFBB002EF4EC /* RequestTest2UITests.swift in Sources */ = {isa = PBXBuildFile; fileRef = 75C3561529C4DFBB002EF4EC /* RequestTest2UITests.swift */; };
		75C3561829C4DFBB002EF4EC /* RequestTest2UITestsLaunchTests.swift in Sources */ = {isa = PBXBuildFile; fileRef = 75C3561729C4DFBB002EF4EC /* RequestTest2UITestsLaunchTests.swift */; };
		75C3562529C4E64F002EF4EC /* Pizza.swift in Sources */ = {isa = PBXBuildFile; fileRef = 75C3562429C4E64F002EF4EC /* Pizza.swift */; };
		75FC4C4829C6141000569771 /* MyTableViewCell.swift in Sources */ = {isa = PBXBuildFile; fileRef = 75FC4C4629C6141000569771 /* MyTableViewCell.swift */; };
		75FC4C4929C6141000569771 /* MyTableViewCell.xib in Resources */ = {isa = PBXBuildFile; fileRef = 75FC4C4729C6141000569771 /* MyTableViewCell.xib */; };
		75FC4C4B29C621D600569771 /* SecondViewController.swift in Sources */ = {isa = PBXBuildFile; fileRef = 75FC4C4A29C621D600569771 /* SecondViewController.swift */; };
		75FC4C4D29C621E500569771 /* ThirdViewController.swift in Sources */ = {isa = PBXBuildFile; fileRef = 75FC4C4C29C621E500569771 /* ThirdViewController.swift */; };
		75FC4C5029C625AF00569771 /* MyTableViewCellTwo.swift in Sources */ = {isa = PBXBuildFile; fileRef = 75FC4C4E29C625AF00569771 /* MyTableViewCellTwo.swift */; };
		75FC4C5129C625AF00569771 /* MyTableViewCellTwo.xib in Resources */ = {isa = PBXBuildFile; fileRef = 75FC4C4F29C625AF00569771 /* MyTableViewCellTwo.xib */; };
		836337B25D06C53B27EBD560 /* Pods_RequestTest2_RequestTest2UITests.framework in Frameworks */ = {isa = PBXBuildFile; fileRef = A660BB40F371D8DFC3BDF91D /* Pods_RequestTest2_RequestTest2UITests.framework */; };
		EFEF4BB5D10AE9957B85F3FD /* Pods_RequestTest2Tests.framework in Frameworks */ = {isa = PBXBuildFile; fileRef = 16617F9C86E27AFB0FE88DD4 /* Pods_RequestTest2Tests.framework */; };
/* End PBXBuildFile section */

/* Begin PBXContainerItemProxy section */
		75C3560829C4DFBB002EF4EC /* PBXContainerItemProxy */ = {
			isa = PBXContainerItemProxy;
			containerPortal = 75C355E929C4DFBA002EF4EC /* Project object */;
			proxyType = 1;
			remoteGlobalIDString = 75C355F029C4DFBA002EF4EC;
			remoteInfo = RequestTest2;
		};
		75C3561229C4DFBB002EF4EC /* PBXContainerItemProxy */ = {
			isa = PBXContainerItemProxy;
			containerPortal = 75C355E929C4DFBA002EF4EC /* Project object */;
			proxyType = 1;
			remoteGlobalIDString = 75C355F029C4DFBA002EF4EC;
			remoteInfo = RequestTest2;
		};
/* End PBXContainerItemProxy section */

/* Begin PBXFileReference section */
		16617F9C86E27AFB0FE88DD4 /* Pods_RequestTest2Tests.framework */ = {isa = PBXFileReference; explicitFileType = wrapper.framework; includeInIndex = 0; path = Pods_RequestTest2Tests.framework; sourceTree = BUILT_PRODUCTS_DIR; };
		3542DF1AF9F57AAD734CBCDC /* Pods_RequestTest2.framework */ = {isa = PBXFileReference; explicitFileType = wrapper.framework; includeInIndex = 0; path = Pods_RequestTest2.framework; sourceTree = BUILT_PRODUCTS_DIR; };
		66C3335C8D50D5CC7C87D2A3 /* Pods-RequestTest2-RequestTest2UITests.release.xcconfig */ = {isa = PBXFileReference; includeInIndex = 1; lastKnownFileType = text.xcconfig; name = "Pods-RequestTest2-RequestTest2UITests.release.xcconfig"; path = "Target Support Files/Pods-RequestTest2-RequestTest2UITests/Pods-RequestTest2-RequestTest2UITests.release.xcconfig"; sourceTree = "<group>"; };
		75C355F129C4DFBA002EF4EC /* RequestTest2.app */ = {isa = PBXFileReference; explicitFileType = wrapper.application; includeInIndex = 0; path = RequestTest2.app; sourceTree = BUILT_PRODUCTS_DIR; };
		75C355F429C4DFBA002EF4EC /* AppDelegate.swift */ = {isa = PBXFileReference; lastKnownFileType = sourcecode.swift; path = AppDelegate.swift; sourceTree = "<group>"; };
		75C355F629C4DFBA002EF4EC /* SceneDelegate.swift */ = {isa = PBXFileReference; lastKnownFileType = sourcecode.swift; path = SceneDelegate.swift; sourceTree = "<group>"; };
		75C355F829C4DFBA002EF4EC /* ViewController.swift */ = {isa = PBXFileReference; lastKnownFileType = sourcecode.swift; path = ViewController.swift; sourceTree = "<group>"; };
		75C355FB29C4DFBA002EF4EC /* Base */ = {isa = PBXFileReference; lastKnownFileType = file.storyboard; name = Base; path = Base.lproj/Main.storyboard; sourceTree = "<group>"; };
		75C355FD29C4DFBB002EF4EC /* Assets.xcassets */ = {isa = PBXFileReference; lastKnownFileType = folder.assetcatalog; path = Assets.xcassets; sourceTree = "<group>"; };
		75C3560029C4DFBB002EF4EC /* Base */ = {isa = PBXFileReference; lastKnownFileType = file.storyboard; name = Base; path = Base.lproj/LaunchScreen.storyboard; sourceTree = "<group>"; };
		75C3560229C4DFBB002EF4EC /* Info.plist */ = {isa = PBXFileReference; lastKnownFileType = text.plist.xml; path = Info.plist; sourceTree = "<group>"; };
		75C3560729C4DFBB002EF4EC /* RequestTest2Tests.xctest */ = {isa = PBXFileReference; explicitFileType = wrapper.cfbundle; includeInIndex = 0; path = RequestTest2Tests.xctest; sourceTree = BUILT_PRODUCTS_DIR; };
		75C3560B29C4DFBB002EF4EC /* RequestTest2Tests.swift */ = {isa = PBXFileReference; lastKnownFileType = sourcecode.swift; path = RequestTest2Tests.swift; sourceTree = "<group>"; };
		75C3561129C4DFBB002EF4EC /* RequestTest2UITests.xctest */ = {isa = PBXFileReference; explicitFileType = wrapper.cfbundle; includeInIndex = 0; path = RequestTest2UITests.xctest; sourceTree = BUILT_PRODUCTS_DIR; };
		75C3561529C4DFBB002EF4EC /* RequestTest2UITests.swift */ = {isa = PBXFileReference; lastKnownFileType = sourcecode.swift; path = RequestTest2UITests.swift; sourceTree = "<group>"; };
		75C3561729C4DFBB002EF4EC /* RequestTest2UITestsLaunchTests.swift */ = {isa = PBXFileReference; lastKnownFileType = sourcecode.swift; path = RequestTest2UITestsLaunchTests.swift; sourceTree = "<group>"; };
		75C3562429C4E64F002EF4EC /* Pizza.swift */ = {isa = PBXFileReference; lastKnownFileType = sourcecode.swift; path = Pizza.swift; sourceTree = "<group>"; };
		75FC4C4629C6141000569771 /* MyTableViewCell.swift */ = {isa = PBXFileReference; lastKnownFileType = sourcecode.swift; path = MyTableViewCell.swift; sourceTree = "<group>"; };
		75FC4C4729C6141000569771 /* MyTableViewCell.xib */ = {isa = PBXFileReference; lastKnownFileType = file.xib; path = MyTableViewCell.xib; sourceTree = "<group>"; };
		75FC4C4A29C621D600569771 /* SecondViewController.swift */ = {isa = PBXFileReference; lastKnownFileType = sourcecode.swift; path = SecondViewController.swift; sourceTree = "<group>"; };
		75FC4C4C29C621E500569771 /* ThirdViewController.swift */ = {isa = PBXFileReference; lastKnownFileType = sourcecode.swift; path = ThirdViewController.swift; sourceTree = "<group>"; };
		75FC4C4E29C625AF00569771 /* MyTableViewCellTwo.swift */ = {isa = PBXFileReference; lastKnownFileType = sourcecode.swift; path = MyTableViewCellTwo.swift; sourceTree = "<group>"; };
		75FC4C4F29C625AF00569771 /* MyTableViewCellTwo.xib */ = {isa = PBXFileReference; lastKnownFileType = file.xib; path = MyTableViewCellTwo.xib; sourceTree = "<group>"; };
		8F3FB6619322CDCE20EA081C /* Pods-RequestTest2Tests.debug.xcconfig */ = {isa = PBXFileReference; includeInIndex = 1; lastKnownFileType = text.xcconfig; name = "Pods-RequestTest2Tests.debug.xcconfig"; path = "Target Support Files/Pods-RequestTest2Tests/Pods-RequestTest2Tests.debug.xcconfig"; sourceTree = "<group>"; };
		A660BB40F371D8DFC3BDF91D /* Pods_RequestTest2_RequestTest2UITests.framework */ = {isa = PBXFileReference; explicitFileType = wrapper.framework; includeInIndex = 0; path = Pods_RequestTest2_RequestTest2UITests.framework; sourceTree = BUILT_PRODUCTS_DIR; };
		BEAFDE512980A35833F7FBE1 /* Pods-RequestTest2.release.xcconfig */ = {isa = PBXFileReference; includeInIndex = 1; lastKnownFileType = text.xcconfig; name = "Pods-RequestTest2.release.xcconfig"; path = "Target Support Files/Pods-RequestTest2/Pods-RequestTest2.release.xcconfig"; sourceTree = "<group>"; };
		C2604FDE5DC6801E15BDF03A /* Pods-RequestTest2-RequestTest2UITests.debug.xcconfig */ = {isa = PBXFileReference; includeInIndex = 1; lastKnownFileType = text.xcconfig; name = "Pods-RequestTest2-RequestTest2UITests.debug.xcconfig"; path = "Target Support Files/Pods-RequestTest2-RequestTest2UITests/Pods-RequestTest2-RequestTest2UITests.debug.xcconfig"; sourceTree = "<group>"; };
		C84B2602C2EE3721466EDE8E /* Pods-RequestTest2Tests.release.xcconfig */ = {isa = PBXFileReference; includeInIndex = 1; lastKnownFileType = text.xcconfig; name = "Pods-RequestTest2Tests.release.xcconfig"; path = "Target Support Files/Pods-RequestTest2Tests/Pods-RequestTest2Tests.release.xcconfig"; sourceTree = "<group>"; };
		F32936E3AD3385E278F318D4 /* Pods-RequestTest2.debug.xcconfig */ = {isa = PBXFileReference; includeInIndex = 1; lastKnownFileType = text.xcconfig; name = "Pods-RequestTest2.debug.xcconfig"; path = "Target Support Files/Pods-RequestTest2/Pods-RequestTest2.debug.xcconfig"; sourceTree = "<group>"; };
/* End PBXFileReference section */

/* Begin PBXFrameworksBuildPhase section */
		75C355EE29C4DFBA002EF4EC /* Frameworks */ = {
			isa = PBXFrameworksBuildPhase;
			buildActionMask = 2147483647;
			files = (
				3D0AB79CAB571611CD173C0D /* Pods_RequestTest2.framework in Frameworks */,
			);
			runOnlyForDeploymentPostprocessing = 0;
		};
		75C3560429C4DFBB002EF4EC /* Frameworks */ = {
			isa = PBXFrameworksBuildPhase;
			buildActionMask = 2147483647;
			files = (
				EFEF4BB5D10AE9957B85F3FD /* Pods_RequestTest2Tests.framework in Frameworks */,
			);
			runOnlyForDeploymentPostprocessing = 0;
		};
		75C3560E29C4DFBB002EF4EC /* Frameworks */ = {
			isa = PBXFrameworksBuildPhase;
			buildActionMask = 2147483647;
			files = (
				836337B25D06C53B27EBD560 /* Pods_RequestTest2_RequestTest2UITests.framework in Frameworks */,
			);
			runOnlyForDeploymentPostprocessing = 0;
		};
/* End PBXFrameworksBuildPhase section */

/* Begin PBXGroup section */
		12E12991A17F4CB59E470B68 /* Pods */ = {
			isa = PBXGroup;
			children = (
				F32936E3AD3385E278F318D4 /* Pods-RequestTest2.debug.xcconfig */,
				BEAFDE512980A35833F7FBE1 /* Pods-RequestTest2.release.xcconfig */,
				C2604FDE5DC6801E15BDF03A /* Pods-RequestTest2-RequestTest2UITests.debug.xcconfig */,
				66C3335C8D50D5CC7C87D2A3 /* Pods-RequestTest2-RequestTest2UITests.release.xcconfig */,
				8F3FB6619322CDCE20EA081C /* Pods-RequestTest2Tests.debug.xcconfig */,
				C84B2602C2EE3721466EDE8E /* Pods-RequestTest2Tests.release.xcconfig */,
			);
			path = Pods;
			sourceTree = "<group>";
		};
		1EC6FE761E51AAE3BD0928B6 /* Frameworks */ = {
			isa = PBXGroup;
			children = (
				3542DF1AF9F57AAD734CBCDC /* Pods_RequestTest2.framework */,
				A660BB40F371D8DFC3BDF91D /* Pods_RequestTest2_RequestTest2UITests.framework */,
				16617F9C86E27AFB0FE88DD4 /* Pods_RequestTest2Tests.framework */,
			);
			name = Frameworks;
			sourceTree = "<group>";
		};
		75C355E829C4DFBA002EF4EC = {
			isa = PBXGroup;
			children = (
				75C355F329C4DFBA002EF4EC /* RequestTest2 */,
				75C3560A29C4DFBB002EF4EC /* RequestTest2Tests */,
				75C3561429C4DFBB002EF4EC /* RequestTest2UITests */,
				75C355F229C4DFBA002EF4EC /* Products */,
				12E12991A17F4CB59E470B68 /* Pods */,
				1EC6FE761E51AAE3BD0928B6 /* Frameworks */,
			);
			sourceTree = "<group>";
		};
		75C355F229C4DFBA002EF4EC /* Products */ = {
			isa = PBXGroup;
			children = (
				75C355F129C4DFBA002EF4EC /* RequestTest2.app */,
				75C3560729C4DFBB002EF4EC /* RequestTest2Tests.xctest */,
				75C3561129C4DFBB002EF4EC /* RequestTest2UITests.xctest */,
			);
			name = Products;
			sourceTree = "<group>";
		};
		75C355F329C4DFBA002EF4EC /* RequestTest2 */ = {
			isa = PBXGroup;
			children = (
				75C355F429C4DFBA002EF4EC /* AppDelegate.swift */,
				75C355F629C4DFBA002EF4EC /* SceneDelegate.swift */,
				75C355F829C4DFBA002EF4EC /* ViewController.swift */,
				75FC4C4629C6141000569771 /* MyTableViewCell.swift */,
				75FC4C4729C6141000569771 /* MyTableViewCell.xib */,
				75C3562429C4E64F002EF4EC /* Pizza.swift */,
				75C355FA29C4DFBA002EF4EC /* Main.storyboard */,
				75FC4C4E29C625AF00569771 /* MyTableViewCellTwo.swift */,
				75FC4C4F29C625AF00569771 /* MyTableViewCellTwo.xib */,
				75FC4C4C29C621E500569771 /* ThirdViewController.swift */,
				75FC4C4A29C621D600569771 /* SecondViewController.swift */,
				75C355FD29C4DFBB002EF4EC /* Assets.xcassets */,
				75C355FF29C4DFBB002EF4EC /* LaunchScreen.storyboard */,
				75C3560229C4DFBB002EF4EC /* Info.plist */,
			);
			path = RequestTest2;
			sourceTree = "<group>";
		};
		75C3560A29C4DFBB002EF4EC /* RequestTest2Tests */ = {
			isa = PBXGroup;
			children = (
				75C3560B29C4DFBB002EF4EC /* RequestTest2Tests.swift */,
			);
			path = RequestTest2Tests;
			sourceTree = "<group>";
		};
		75C3561429C4DFBB002EF4EC /* RequestTest2UITests */ = {
			isa = PBXGroup;
			children = (
				75C3561529C4DFBB002EF4EC /* RequestTest2UITests.swift */,
				75C3561729C4DFBB002EF4EC /* RequestTest2UITestsLaunchTests.swift */,
			);
			path = RequestTest2UITests;
			sourceTree = "<group>";
		};
/* End PBXGroup section */

/* Begin PBXNativeTarget section */
		75C355F029C4DFBA002EF4EC /* RequestTest2 */ = {
			isa = PBXNativeTarget;
			buildConfigurationList = 75C3561B29C4DFBB002EF4EC /* Build configuration list for PBXNativeTarget "RequestTest2" */;
			buildPhases = (
				94647D3398433C1877E084C3 /* [CP] Check Pods Manifest.lock */,
				75C355ED29C4DFBA002EF4EC /* Sources */,
				75C355EE29C4DFBA002EF4EC /* Frameworks */,
				75C355EF29C4DFBA002EF4EC /* Resources */,
				73A31B6046365E8C392C9B01 /* [CP] Embed Pods Frameworks */,
			);
			buildRules = (
			);
			dependencies = (
			);
			name = RequestTest2;
			productName = RequestTest2;
			productReference = 75C355F129C4DFBA002EF4EC /* RequestTest2.app */;
			productType = "com.apple.product-type.application";
		};
		75C3560629C4DFBB002EF4EC /* RequestTest2Tests */ = {
			isa = PBXNativeTarget;
			buildConfigurationList = 75C3561E29C4DFBB002EF4EC /* Build configuration list for PBXNativeTarget "RequestTest2Tests" */;
			buildPhases = (
				84314313DCC3D786B80F97A3 /* [CP] Check Pods Manifest.lock */,
				75C3560329C4DFBB002EF4EC /* Sources */,
				75C3560429C4DFBB002EF4EC /* Frameworks */,
				75C3560529C4DFBB002EF4EC /* Resources */,
			);
			buildRules = (
			);
			dependencies = (
				75C3560929C4DFBB002EF4EC /* PBXTargetDependency */,
			);
			name = RequestTest2Tests;
			productName = RequestTest2Tests;
			productReference = 75C3560729C4DFBB002EF4EC /* RequestTest2Tests.xctest */;
			productType = "com.apple.product-type.bundle.unit-test";
		};
		75C3561029C4DFBB002EF4EC /* RequestTest2UITests */ = {
			isa = PBXNativeTarget;
			buildConfigurationList = 75C3562129C4DFBB002EF4EC /* Build configuration list for PBXNativeTarget "RequestTest2UITests" */;
			buildPhases = (
				836307BA463691723BCC4062 /* [CP] Check Pods Manifest.lock */,
				75C3560D29C4DFBB002EF4EC /* Sources */,
				75C3560E29C4DFBB002EF4EC /* Frameworks */,
				75C3560F29C4DFBB002EF4EC /* Resources */,
				48192FCC33961E664D4C597F /* [CP] Embed Pods Frameworks */,
			);
			buildRules = (
			);
			dependencies = (
				75C3561329C4DFBB002EF4EC /* PBXTargetDependency */,
			);
			name = RequestTest2UITests;
			productName = RequestTest2UITests;
			productReference = 75C3561129C4DFBB002EF4EC /* RequestTest2UITests.xctest */;
			productType = "com.apple.product-type.bundle.ui-testing";
		};
/* End PBXNativeTarget section */

/* Begin PBXProject section */
		75C355E929C4DFBA002EF4EC /* Project object */ = {
			isa = PBXProject;
			attributes = {
				BuildIndependentTargetsInParallel = 1;
				LastSwiftUpdateCheck = 1420;
				LastUpgradeCheck = 1420;
				TargetAttributes = {
					75C355F029C4DFBA002EF4EC = {
						CreatedOnToolsVersion = 14.2;
					};
					75C3560629C4DFBB002EF4EC = {
						CreatedOnToolsVersion = 14.2;
						TestTargetID = 75C355F029C4DFBA002EF4EC;
					};
					75C3561029C4DFBB002EF4EC = {
						CreatedOnToolsVersion = 14.2;
						TestTargetID = 75C355F029C4DFBA002EF4EC;
					};
				};
			};
			buildConfigurationList = 75C355EC29C4DFBA002EF4EC /* Build configuration list for PBXProject "RequestTest2" */;
			compatibilityVersion = "Xcode 14.0";
			developmentRegion = en;
			hasScannedForEncodings = 0;
			knownRegions = (
				en,
				Base,
			);
			mainGroup = 75C355E829C4DFBA002EF4EC;
			productRefGroup = 75C355F229C4DFBA002EF4EC /* Products */;
			projectDirPath = "";
			projectRoot = "";
			targets = (
				75C355F029C4DFBA002EF4EC /* RequestTest2 */,
				75C3560629C4DFBB002EF4EC /* RequestTest2Tests */,
				75C3561029C4DFBB002EF4EC /* RequestTest2UITests */,
			);
		};
/* End PBXProject section */

/* Begin PBXResourcesBuildPhase section */
		75C355EF29C4DFBA002EF4EC /* Resources */ = {
			isa = PBXResourcesBuildPhase;
			buildActionMask = 2147483647;
			files = (
				75C3560129C4DFBB002EF4EC /* LaunchScreen.storyboard in Resources */,
				75FC4C5129C625AF00569771 /* MyTableViewCellTwo.xib in Resources */,
				75FC4C4929C6141000569771 /* MyTableViewCell.xib in Resources */,
				75C355FE29C4DFBB002EF4EC /* Assets.xcassets in Resources */,
				75C355FC29C4DFBA002EF4EC /* Main.storyboard in Resources */,
			);
			runOnlyForDeploymentPostprocessing = 0;
		};
		75C3560529C4DFBB002EF4EC /* Resources */ = {
			isa = PBXResourcesBuildPhase;
			buildActionMask = 2147483647;
			files = (
			);
			runOnlyForDeploymentPostprocessing = 0;
		};
		75C3560F29C4DFBB002EF4EC /* Resources */ = {
			isa = PBXResourcesBuildPhase;
			buildActionMask = 2147483647;
			files = (
			);
			runOnlyForDeploymentPostprocessing = 0;
		};
/* End PBXResourcesBuildPhase section */

/* Begin PBXShellScriptBuildPhase section */
		48192FCC33961E664D4C597F /* [CP] Embed Pods Frameworks */ = {
			isa = PBXShellScriptBuildPhase;
			buildActionMask = 2147483647;
			files = (
			);
			inputFileListPaths = (
				"${PODS_ROOT}/Target Support Files/Pods-RequestTest2-RequestTest2UITests/Pods-RequestTest2-RequestTest2UITests-frameworks-${CONFIGURATION}-input-files.xcfilelist",
			);
			name = "[CP] Embed Pods Frameworks";
			outputFileListPaths = (
				"${PODS_ROOT}/Target Support Files/Pods-RequestTest2-RequestTest2UITests/Pods-RequestTest2-RequestTest2UITests-frameworks-${CONFIGURATION}-output-files.xcfilelist",
			);
			runOnlyForDeploymentPostprocessing = 0;
			shellPath = /bin/sh;
			shellScript = "\"${PODS_ROOT}/Target Support Files/Pods-RequestTest2-RequestTest2UITests/Pods-RequestTest2-RequestTest2UITests-frameworks.sh\"\n";
			showEnvVarsInLog = 0;
		};
		73A31B6046365E8C392C9B01 /* [CP] Embed Pods Frameworks */ = {
			isa = PBXShellScriptBuildPhase;
			buildActionMask = 2147483647;
			files = (
			);
			inputFileListPaths = (
				"${PODS_ROOT}/Target Support Files/Pods-RequestTest2/Pods-RequestTest2-frameworks-${CONFIGURATION}-input-files.xcfilelist",
			);
			name = "[CP] Embed Pods Frameworks";
			outputFileListPaths = (
				"${PODS_ROOT}/Target Support Files/Pods-RequestTest2/Pods-RequestTest2-frameworks-${CONFIGURATION}-output-files.xcfilelist",
			);
			runOnlyForDeploymentPostprocessing = 0;
			shellPath = /bin/sh;
			shellScript = "\"${PODS_ROOT}/Target Support Files/Pods-RequestTest2/Pods-RequestTest2-frameworks.sh\"\n";
			showEnvVarsInLog = 0;
		};
		836307BA463691723BCC4062 /* [CP] Check Pods Manifest.lock */ = {
			isa = PBXShellScriptBuildPhase;
			buildActionMask = 2147483647;
			files = (
			);
			inputFileListPaths = (
			);
			inputPaths = (
				"${PODS_PODFILE_DIR_PATH}/Podfile.lock",
				"${PODS_ROOT}/Manifest.lock",
			);
			name = "[CP] Check Pods Manifest.lock";
			outputFileListPaths = (
			);
			outputPaths = (
				"$(DERIVED_FILE_DIR)/Pods-RequestTest2-RequestTest2UITests-checkManifestLockResult.txt",
			);
			runOnlyForDeploymentPostprocessing = 0;
			shellPath = /bin/sh;
			shellScript = "diff \"${PODS_PODFILE_DIR_PATH}/Podfile.lock\" \"${PODS_ROOT}/Manifest.lock\" > /dev/null\nif [ $? != 0 ] ; then\n    # print error to STDERR\n    echo \"error: The sandbox is not in sync with the Podfile.lock. Run 'pod install' or update your CocoaPods installation.\" >&2\n    exit 1\nfi\n# This output is used by Xcode 'outputs' to avoid re-running this script phase.\necho \"SUCCESS\" > \"${SCRIPT_OUTPUT_FILE_0}\"\n";
			showEnvVarsInLog = 0;
		};
		84314313DCC3D786B80F97A3 /* [CP] Check Pods Manifest.lock */ = {
			isa = PBXShellScriptBuildPhase;
			buildActionMask = 2147483647;
			files = (
			);
			inputFileListPaths = (
			);
			inputPaths = (
				"${PODS_PODFILE_DIR_PATH}/Podfile.lock",
				"${PODS_ROOT}/Manifest.lock",
			);
			name = "[CP] Check Pods Manifest.lock";
			outputFileListPaths = (
			);
			outputPaths = (
				"$(DERIVED_FILE_DIR)/Pods-RequestTest2Tests-checkManifestLockResult.txt",
			);
			runOnlyForDeploymentPostprocessing = 0;
			shellPath = /bin/sh;
			shellScript = "diff \"${PODS_PODFILE_DIR_PATH}/Podfile.lock\" \"${PODS_ROOT}/Manifest.lock\" > /dev/null\nif [ $? != 0 ] ; then\n    # print error to STDERR\n    echo \"error: The sandbox is not in sync with the Podfile.lock. Run 'pod install' or update your CocoaPods installation.\" >&2\n    exit 1\nfi\n# This output is used by Xcode 'outputs' to avoid re-running this script phase.\necho \"SUCCESS\" > \"${SCRIPT_OUTPUT_FILE_0}\"\n";
			showEnvVarsInLog = 0;
		};
		94647D3398433C1877E084C3 /* [CP] Check Pods Manifest.lock */ = {
			isa = PBXShellScriptBuildPhase;
			buildActionMask = 2147483647;
			files = (
			);
			inputFileListPaths = (
			);
			inputPaths = (
				"${PODS_PODFILE_DIR_PATH}/Podfile.lock",
				"${PODS_ROOT}/Manifest.lock",
			);
			name = "[CP] Check Pods Manifest.lock";
			outputFileListPaths = (
			);
			outputPaths = (
				"$(DERIVED_FILE_DIR)/Pods-RequestTest2-checkManifestLockResult.txt",
			);
			runOnlyForDeploymentPostprocessing = 0;
			shellPath = /bin/sh;
			shellScript = "diff \"${PODS_PODFILE_DIR_PATH}/Podfile.lock\" \"${PODS_ROOT}/Manifest.lock\" > /dev/null\nif [ $? != 0 ] ; then\n    # print error to STDERR\n    echo \"error: The sandbox is not in sync with the Podfile.lock. Run 'pod install' or update your CocoaPods installation.\" >&2\n    exit 1\nfi\n# This output is used by Xcode 'outputs' to avoid re-running this script phase.\necho \"SUCCESS\" > \"${SCRIPT_OUTPUT_FILE_0}\"\n";
			showEnvVarsInLog = 0;
		};
/* End PBXShellScriptBuildPhase section */

/* Begin PBXSourcesBuildPhase section */
		75C355ED29C4DFBA002EF4EC /* Sources */ = {
			isa = PBXSourcesBuildPhase;
			buildActionMask = 2147483647;
			files = (
				75FC4C4B29C621D600569771 /* SecondViewController.swift in Sources */,
				75C3562529C4E64F002EF4EC /* Pizza.swift in Sources */,
				75C355F929C4DFBA002EF4EC /* ViewController.swift in Sources */,
				75FC4C4D29C621E500569771 /* ThirdViewController.swift in Sources */,
				75C355F529C4DFBA002EF4EC /* AppDelegate.swift in Sources */,
				75FC4C4829C6141000569771 /* MyTableViewCell.swift in Sources */,
				75FC4C5029C625AF00569771 /* MyTableViewCellTwo.swift in Sources */,
				75C355F729C4DFBA002EF4EC /* SceneDelegate.swift in Sources */,
			);
			runOnlyForDeploymentPostprocessing = 0;
		};
		75C3560329C4DFBB002EF4EC /* Sources */ = {
			isa = PBXSourcesBuildPhase;
			buildActionMask = 2147483647;
			files = (
				75C3560C29C4DFBB002EF4EC /* RequestTest2Tests.swift in Sources */,
			);
			runOnlyForDeploymentPostprocessing = 0;
		};
		75C3560D29C4DFBB002EF4EC /* Sources */ = {
			isa = PBXSourcesBuildPhase;
			buildActionMask = 2147483647;
			files = (
				75C3561629C4DFBB002EF4EC /* RequestTest2UITests.swift in Sources */,
				75C3561829C4DFBB002EF4EC /* RequestTest2UITestsLaunchTests.swift in Sources */,
			);
			runOnlyForDeploymentPostprocessing = 0;
		};
/* End PBXSourcesBuildPhase section */

/* Begin PBXTargetDependency section */
		75C3560929C4DFBB002EF4EC /* PBXTargetDependency */ = {
			isa = PBXTargetDependency;
			target = 75C355F029C4DFBA002EF4EC /* RequestTest2 */;
			targetProxy = 75C3560829C4DFBB002EF4EC /* PBXContainerItemProxy */;
		};
		75C3561329C4DFBB002EF4EC /* PBXTargetDependency */ = {
			isa = PBXTargetDependency;
			target = 75C355F029C4DFBA002EF4EC /* RequestTest2 */;
			targetProxy = 75C3561229C4DFBB002EF4EC /* PBXContainerItemProxy */;
		};
/* End PBXTargetDependency section */

/* Begin PBXVariantGroup section */
		75C355FA29C4DFBA002EF4EC /* Main.storyboard */ = {
			isa = PBXVariantGroup;
			children = (
				75C355FB29C4DFBA002EF4EC /* Base */,
			);
			name = Main.storyboard;
			sourceTree = "<group>";
		};
		75C355FF29C4DFBB002EF4EC /* LaunchScreen.storyboard */ = {
			isa = PBXVariantGroup;
			children = (
				75C3560029C4DFBB002EF4EC /* Base */,
			);
			name = LaunchScreen.storyboard;
			sourceTree = "<group>";
		};
/* End PBXVariantGroup section */

/* Begin XCBuildConfiguration section */
		75C3561929C4DFBB002EF4EC /* Debug */ = {
			isa = XCBuildConfiguration;
			buildSettings = {
				ALWAYS_SEARCH_USER_PATHS = NO;
				CLANG_ANALYZER_NONNULL = YES;
				CLANG_ANALYZER_NUMBER_OBJECT_CONVERSION = YES_AGGRESSIVE;
				CLANG_CXX_LANGUAGE_STANDARD = "gnu++20";
				CLANG_ENABLE_MODULES = YES;
				CLANG_ENABLE_OBJC_ARC = YES;
				CLANG_ENABLE_OBJC_WEAK = YES;
				CLANG_WARN_BLOCK_CAPTURE_AUTORELEASING = YES;
				CLANG_WARN_BOOL_CONVERSION = YES;
				CLANG_WARN_COMMA = YES;
				CLANG_WARN_CONSTANT_CONVERSION = YES;
				CLANG_WARN_DEPRECATED_OBJC_IMPLEMENTATIONS = YES;
				CLANG_WARN_DIRECT_OBJC_ISA_USAGE = YES_ERROR;
				CLANG_WARN_DOCUMENTATION_COMMENTS = YES;
				CLANG_WARN_EMPTY_BODY = YES;
				CLANG_WARN_ENUM_CONVERSION = YES;
				CLANG_WARN_INFINITE_RECURSION = YES;
				CLANG_WARN_INT_CONVERSION = YES;
				CLANG_WARN_NON_LITERAL_NULL_CONVERSION = YES;
				CLANG_WARN_OBJC_IMPLICIT_RETAIN_SELF = YES;
				CLANG_WARN_OBJC_LITERAL_CONVERSION = YES;
				CLANG_WARN_OBJC_ROOT_CLASS = YES_ERROR;
				CLANG_WARN_QUOTED_INCLUDE_IN_FRAMEWORK_HEADER = YES;
				CLANG_WARN_RANGE_LOOP_ANALYSIS = YES;
				CLANG_WARN_STRICT_PROTOTYPES = YES;
				CLANG_WARN_SUSPICIOUS_MOVE = YES;
				CLANG_WARN_UNGUARDED_AVAILABILITY = YES_AGGRESSIVE;
				CLANG_WARN_UNREACHABLE_CODE = YES;
				CLANG_WARN__DUPLICATE_METHOD_MATCH = YES;
				COPY_PHASE_STRIP = NO;
				DEBUG_INFORMATION_FORMAT = dwarf;
				ENABLE_STRICT_OBJC_MSGSEND = YES;
				ENABLE_TESTABILITY = YES;
				GCC_C_LANGUAGE_STANDARD = gnu11;
				GCC_DYNAMIC_NO_PIC = NO;
				GCC_NO_COMMON_BLOCKS = YES;
				GCC_OPTIMIZATION_LEVEL = 0;
				GCC_PREPROCESSOR_DEFINITIONS = (
					"DEBUG=1",
					"$(inherited)",
				);
				GCC_WARN_64_TO_32_BIT_CONVERSION = YES;
				GCC_WARN_ABOUT_RETURN_TYPE = YES_ERROR;
				GCC_WARN_UNDECLARED_SELECTOR = YES;
				GCC_WARN_UNINITIALIZED_AUTOS = YES_AGGRESSIVE;
				GCC_WARN_UNUSED_FUNCTION = YES;
				GCC_WARN_UNUSED_VARIABLE = YES;
				IPHONEOS_DEPLOYMENT_TARGET = 16.2;
				MTL_ENABLE_DEBUG_INFO = INCLUDE_SOURCE;
				MTL_FAST_MATH = YES;
				ONLY_ACTIVE_ARCH = YES;
				SDKROOT = iphoneos;
				SWIFT_ACTIVE_COMPILATION_CONDITIONS = DEBUG;
				SWIFT_OPTIMIZATION_LEVEL = "-Onone";
			};
			name = Debug;
		};
		75C3561A29C4DFBB002EF4EC /* Release */ = {
			isa = XCBuildConfiguration;
			buildSettings = {
				ALWAYS_SEARCH_USER_PATHS = NO;
				CLANG_ANALYZER_NONNULL = YES;
				CLANG_ANALYZER_NUMBER_OBJECT_CONVERSION = YES_AGGRESSIVE;
				CLANG_CXX_LANGUAGE_STANDARD = "gnu++20";
				CLANG_ENABLE_MODULES = YES;
				CLANG_ENABLE_OBJC_ARC = YES;
				CLANG_ENABLE_OBJC_WEAK = YES;
				CLANG_WARN_BLOCK_CAPTURE_AUTORELEASING = YES;
				CLANG_WARN_BOOL_CONVERSION = YES;
				CLANG_WARN_COMMA = YES;
				CLANG_WARN_CONSTANT_CONVERSION = YES;
				CLANG_WARN_DEPRECATED_OBJC_IMPLEMENTATIONS = YES;
				CLANG_WARN_DIRECT_OBJC_ISA_USAGE = YES_ERROR;
				CLANG_WARN_DOCUMENTATION_COMMENTS = YES;
				CLANG_WARN_EMPTY_BODY = YES;
				CLANG_WARN_ENUM_CONVERSION = YES;
				CLANG_WARN_INFINITE_RECURSION = YES;
				CLANG_WARN_INT_CONVERSION = YES;
				CLANG_WARN_NON_LITERAL_NULL_CONVERSION = YES;
				CLANG_WARN_OBJC_IMPLICIT_RETAIN_SELF = YES;
				CLANG_WARN_OBJC_LITERAL_CONVERSION = YES;
				CLANG_WARN_OBJC_ROOT_CLASS = YES_ERROR;
				CLANG_WARN_QUOTED_INCLUDE_IN_FRAMEWORK_HEADER = YES;
				CLANG_WARN_RANGE_LOOP_ANALYSIS = YES;
				CLANG_WARN_STRICT_PROTOTYPES = YES;
				CLANG_WARN_SUSPICIOUS_MOVE = YES;
				CLANG_WARN_UNGUARDED_AVAILABILITY = YES_AGGRESSIVE;
				CLANG_WARN_UNREACHABLE_CODE = YES;
				CLANG_WARN__DUPLICATE_METHOD_MATCH = YES;
				COPY_PHASE_STRIP = NO;
				DEBUG_INFORMATION_FORMAT = "dwarf-with-dsym";
				ENABLE_NS_ASSERTIONS = NO;
				ENABLE_STRICT_OBJC_MSGSEND = YES;
				GCC_C_LANGUAGE_STANDARD = gnu11;
				GCC_NO_COMMON_BLOCKS = YES;
				GCC_WARN_64_TO_32_BIT_CONVERSION = YES;
				GCC_WARN_ABOUT_RETURN_TYPE = YES_ERROR;
				GCC_WARN_UNDECLARED_SELECTOR = YES;
				GCC_WARN_UNINITIALIZED_AUTOS = YES_AGGRESSIVE;
				GCC_WARN_UNUSED_FUNCTION = YES;
				GCC_WARN_UNUSED_VARIABLE = YES;
				IPHONEOS_DEPLOYMENT_TARGET = 16.2;
				MTL_ENABLE_DEBUG_INFO = NO;
				MTL_FAST_MATH = YES;
				SDKROOT = iphoneos;
				SWIFT_COMPILATION_MODE = wholemodule;
				SWIFT_OPTIMIZATION_LEVEL = "-O";
				VALIDATE_PRODUCT = YES;
			};
			name = Release;
		};
		75C3561C29C4DFBB002EF4EC /* Debug */ = {
			isa = XCBuildConfiguration;
			baseConfigurationReference = F32936E3AD3385E278F318D4 /* Pods-RequestTest2.debug.xcconfig */;
			buildSettings = {
				ASSETCATALOG_COMPILER_APPICON_NAME = AppIcon;
				ASSETCATALOG_COMPILER_GLOBAL_ACCENT_COLOR_NAME = AccentColor;
				CODE_SIGN_STYLE = Automatic;
				CURRENT_PROJECT_VERSION = 1;
				GENERATE_INFOPLIST_FILE = YES;
				INFOPLIST_FILE = RequestTest2/Info.plist;
				INFOPLIST_KEY_UIApplicationSupportsIndirectInputEvents = YES;
				INFOPLIST_KEY_UILaunchStoryboardName = LaunchScreen;
				INFOPLIST_KEY_UIMainStoryboardFile = Main;
				INFOPLIST_KEY_UISupportedInterfaceOrientations_iPad = "UIInterfaceOrientationPortrait UIInterfaceOrientationPortraitUpsideDown UIInterfaceOrientationLandscapeLeft UIInterfaceOrientationLandscapeRight";
				INFOPLIST_KEY_UISupportedInterfaceOrientations_iPhone = "UIInterfaceOrientationPortrait UIInterfaceOrientationLandscapeLeft UIInterfaceOrientationLandscapeRight";
				LD_RUNPATH_SEARCH_PATHS = (
					"$(inherited)",
					"@executable_path/Frameworks",
				);
				MARKETING_VERSION = 1.0;
				PRODUCT_BUNDLE_IDENTIFIER = GilmarAmaro.RequestTest2;
				PRODUCT_NAME = "$(TARGET_NAME)";
				SWIFT_EMIT_LOC_STRINGS = YES;
				SWIFT_VERSION = 5.0;
				TARGETED_DEVICE_FAMILY = "1,2";
			};
			name = Debug;
		};
		75C3561D29C4DFBB002EF4EC /* Release */ = {
			isa = XCBuildConfiguration;
			baseConfigurationReference = BEAFDE512980A35833F7FBE1 /* Pods-RequestTest2.release.xcconfig */;
			buildSettings = {
				ASSETCATALOG_COMPILER_APPICON_NAME = AppIcon;
				ASSETCATALOG_COMPILER_GLOBAL_ACCENT_COLOR_NAME = AccentColor;
				CODE_SIGN_STYLE = Automatic;
				CURRENT_PROJECT_VERSION = 1;
				GENERATE_INFOPLIST_FILE = YES;
				INFOPLIST_FILE = RequestTest2/Info.plist;
				INFOPLIST_KEY_UIApplicationSupportsIndirectInputEvents = YES;
				INFOPLIST_KEY_UILaunchStoryboardName = LaunchScreen;
				INFOPLIST_KEY_UIMainStoryboardFile = Main;
				INFOPLIST_KEY_UISupportedInterfaceOrientations_iPad = "UIInterfaceOrientationPortrait UIInterfaceOrientationPortraitUpsideDown UIInterfaceOrientationLandscapeLeft UIInterfaceOrientationLandscapeRight";
				INFOPLIST_KEY_UISupportedInterfaceOrientations_iPhone = "UIInterfaceOrientationPortrait UIInterfaceOrientationLandscapeLeft UIInterfaceOrientationLandscapeRight";
				LD_RUNPATH_SEARCH_PATHS = (
					"$(inherited)",
					"@executable_path/Frameworks",
				);
				MARKETING_VERSION = 1.0;
				PRODUCT_BUNDLE_IDENTIFIER = GilmarAmaro.RequestTest2;
				PRODUCT_NAME = "$(TARGET_NAME)";
				SWIFT_EMIT_LOC_STRINGS = YES;
				SWIFT_VERSION = 5.0;
				TARGETED_DEVICE_FAMILY = "1,2";
			};
			name = Release;
		};
		75C3561F29C4DFBB002EF4EC /* Debug */ = {
			isa = XCBuildConfiguration;
			baseConfigurationReference = 8F3FB6619322CDCE20EA081C /* Pods-RequestTest2Tests.debug.xcconfig */;
			buildSettings = {
				ALWAYS_EMBED_SWIFT_STANDARD_LIBRARIES = YES;
				BUNDLE_LOADER = "$(TEST_HOST)";
				CODE_SIGN_STYLE = Automatic;
				CURRENT_PROJECT_VERSION = 1;
				GENERATE_INFOPLIST_FILE = YES;
				IPHONEOS_DEPLOYMENT_TARGET = 16.2;
				MARKETING_VERSION = 1.0;
				PRODUCT_BUNDLE_IDENTIFIER = GilmarAmaro.RequestTest2Tests;
				PRODUCT_NAME = "$(TARGET_NAME)";
				SWIFT_EMIT_LOC_STRINGS = NO;
				SWIFT_VERSION = 5.0;
				TARGETED_DEVICE_FAMILY = "1,2";
				TEST_HOST = "$(BUILT_PRODUCTS_DIR)/RequestTest2.app/$(BUNDLE_EXECUTABLE_FOLDER_PATH)/RequestTest2";
			};
			name = Debug;
		};
		75C3562029C4DFBB002EF4EC /* Release */ = {
			isa = XCBuildConfiguration;
			baseConfigurationReference = C84B2602C2EE3721466EDE8E /* Pods-RequestTest2Tests.release.xcconfig */;
			buildSettings = {
				ALWAYS_EMBED_SWIFT_STANDARD_LIBRARIES = YES;
				BUNDLE_LOADER = "$(TEST_HOST)";
				CODE_SIGN_STYLE = Automatic;
				CURRENT_PROJECT_VERSION = 1;
				GENERATE_INFOPLIST_FILE = YES;
				IPHONEOS_DEPLOYMENT_TARGET = 16.2;
				MARKETING_VERSION = 1.0;
				PRODUCT_BUNDLE_IDENTIFIER = GilmarAmaro.RequestTest2Tests;
				PRODUCT_NAME = "$(TARGET_NAME)";
				SWIFT_EMIT_LOC_STRINGS = NO;
				SWIFT_VERSION = 5.0;
				TARGETED_DEVICE_FAMILY = "1,2";
				TEST_HOST = "$(BUILT_PRODUCTS_DIR)/RequestTest2.app/$(BUNDLE_EXECUTABLE_FOLDER_PATH)/RequestTest2";
			};
			name = Release;
		};
		75C3562229C4DFBB002EF4EC /* Debug */ = {
			isa = XCBuildConfiguration;
			baseConfigurationReference = C2604FDE5DC6801E15BDF03A /* Pods-RequestTest2-RequestTest2UITests.debug.xcconfig */;
			buildSettings = {
				ALWAYS_EMBED_SWIFT_STANDARD_LIBRARIES = YES;
				CODE_SIGN_STYLE = Automatic;
				CURRENT_PROJECT_VERSION = 1;
				GENERATE_INFOPLIST_FILE = YES;
				MARKETING_VERSION = 1.0;
				PRODUCT_BUNDLE_IDENTIFIER = GilmarAmaro.RequestTest2UITests;
				PRODUCT_NAME = "$(TARGET_NAME)";
				SWIFT_EMIT_LOC_STRINGS = NO;
				SWIFT_VERSION = 5.0;
				TARGETED_DEVICE_FAMILY = "1,2";
				TEST_TARGET_NAME = RequestTest2;
			};
			name = Debug;
		};
		75C3562329C4DFBB002EF4EC /* Release */ = {
			isa = XCBuildConfiguration;
			baseConfigurationReference = 66C3335C8D50D5CC7C87D2A3 /* Pods-RequestTest2-RequestTest2UITests.release.xcconfig */;
			buildSettings = {
				ALWAYS_EMBED_SWIFT_STANDARD_LIBRARIES = YES;
				CODE_SIGN_STYLE = Automatic;
				CURRENT_PROJECT_VERSION = 1;
				GENERATE_INFOPLIST_FILE = YES;
				MARKETING_VERSION = 1.0;
				PRODUCT_BUNDLE_IDENTIFIER = GilmarAmaro.RequestTest2UITests;
				PRODUCT_NAME = "$(TARGET_NAME)";
				SWIFT_EMIT_LOC_STRINGS = NO;
				SWIFT_VERSION = 5.0;
				TARGETED_DEVICE_FAMILY = "1,2";
				TEST_TARGET_NAME = RequestTest2;
			};
			name = Release;
		};
/* End XCBuildConfiguration section */

/* Begin XCConfigurationList section */
		75C355EC29C4DFBA002EF4EC /* Build configuration list for PBXProject "RequestTest2" */ = {
			isa = XCConfigurationList;
			buildConfigurations = (
				75C3561929C4DFBB002EF4EC /* Debug */,
				75C3561A29C4DFBB002EF4EC /* Release */,
			);
			defaultConfigurationIsVisible = 0;
			defaultConfigurationName = Release;
		};
		75C3561B29C4DFBB002EF4EC /* Build configuration list for PBXNativeTarget "RequestTest2" */ = {
			isa = XCConfigurationList;
			buildConfigurations = (
				75C3561C29C4DFBB002EF4EC /* Debug */,
				75C3561D29C4DFBB002EF4EC /* Release */,
			);
			defaultConfigurationIsVisible = 0;
			defaultConfigurationName = Release;
		};
		75C3561E29C4DFBB002EF4EC /* Build configuration list for PBXNativeTarget "RequestTest2Tests" */ = {
			isa = XCConfigurationList;
			buildConfigurations = (
				75C3561F29C4DFBB002EF4EC /* Debug */,
				75C3562029C4DFBB002EF4EC /* Release */,
			);
			defaultConfigurationIsVisible = 0;
			defaultConfigurationName = Release;
		};
		75C3562129C4DFBB002EF4EC /* Build configuration list for PBXNativeTarget "RequestTest2UITests" */ = {
			isa = XCConfigurationList;
			buildConfigurations = (
				75C3562229C4DFBB002EF4EC /* Debug */,
				75C3562329C4DFBB002EF4EC /* Release */,
			);
			defaultConfigurationIsVisible = 0;
			defaultConfigurationName = Release;
		};
/* End XCConfigurationList section */
	};
	rootObject = 75C355E929C4DFBA002EF4EC /* Project object */;
}
